// !$*UTF8*$!
{
	archiveVersion = 1;
	classes = {
	};
	objectVersion = 50;
	objects = {

/* Begin PBXBuildFile section */
		0F6293712434D64700690905 /* AppDelegate.swift in Sources */ = {isa = PBXBuildFile; fileRef = 0F6293702434D64700690905 /* AppDelegate.swift */; };
		0F6293732434D64700690905 /* SceneDelegate.swift in Sources */ = {isa = PBXBuildFile; fileRef = 0F6293722434D64700690905 /* SceneDelegate.swift */; };
		0F6293752434D64700690905 /* ViewController.swift in Sources */ = {isa = PBXBuildFile; fileRef = 0F6293742434D64700690905 /* ViewController.swift */; };
		0F6293782434D64700690905 /* Main.storyboard in Resources */ = {isa = PBXBuildFile; fileRef = 0F6293762434D64700690905 /* Main.storyboard */; };
		0F62937A2434D64800690905 /* Assets.xcassets in Resources */ = {isa = PBXBuildFile; fileRef = 0F6293792434D64800690905 /* Assets.xcassets */; };
		0F62937D2434D64800690905 /* LaunchScreen.storyboard in Resources */ = {isa = PBXBuildFile; fileRef = 0F62937B2434D64800690905 /* LaunchScreen.storyboard */; };
		0F6293882434D64800690905 /* PickerView_and_KeyboardTests.swift in Sources */ = {isa = PBXBuildFile; fileRef = 0F6293872434D64800690905 /* PickerView_and_KeyboardTests.swift */; };
		0F6293932434D64900690905 /* PickerView_and_KeyboardUITests.swift in Sources */ = {isa = PBXBuildFile; fileRef = 0F6293922434D64900690905 /* PickerView_and_KeyboardUITests.swift */; };
/* End PBXBuildFile section */

/* Begin PBXContainerItemProxy section */
		0F6293842434D64800690905 /* PBXContainerItemProxy */ = {
			isa = PBXContainerItemProxy;
			containerPortal = 0F6293652434D64700690905 /* Project object */;
			proxyType = 1;
			remoteGlobalIDString = 0F62936C2434D64700690905;
			remoteInfo = "PickerView and Keyboard";
		};
		0F62938F2434D64900690905 /* PBXContainerItemProxy */ = {
			isa = PBXContainerItemProxy;
			containerPortal = 0F6293652434D64700690905 /* Project object */;
			proxyType = 1;
			remoteGlobalIDString = 0F62936C2434D64700690905;
			remoteInfo = "PickerView and Keyboard";
		};
/* End PBXContainerItemProxy section */

/* Begin PBXFileReference section */
		0F62936D2434D64700690905 /* PickerView and Keyboard.app */ = {isa = PBXFileReference; explicitFileType = wrapper.application; includeInIndex = 0; path = "PickerView and Keyboard.app"; sourceTree = BUILT_PRODUCTS_DIR; };
		0F6293702434D64700690905 /* AppDelegate.swift */ = {isa = PBXFileReference; lastKnownFileType = sourcecode.swift; path = AppDelegate.swift; sourceTree = "<group>"; };
		0F6293722434D64700690905 /* SceneDelegate.swift */ = {isa = PBXFileReference; lastKnownFileType = sourcecode.swift; path = SceneDelegate.swift; sourceTree = "<group>"; };
		0F6293742434D64700690905 /* ViewController.swift */ = {isa = PBXFileReference; lastKnownFileType = sourcecode.swift; path = ViewController.swift; sourceTree = "<group>"; };
		0F6293772434D64700690905 /* Base */ = {isa = PBXFileReference; lastKnownFileType = file.storyboard; name = Base; path = Base.lproj/Main.storyboard; sourceTree = "<group>"; };
		0F6293792434D64800690905 /* Assets.xcassets */ = {isa = PBXFileReference; lastKnownFileType = folder.assetcatalog; path = Assets.xcassets; sourceTree = "<group>"; };
		0F62937C2434D64800690905 /* Base */ = {isa = PBXFileReference; lastKnownFileType = file.storyboard; name = Base; path = Base.lproj/LaunchScreen.storyboard; sourceTree = "<group>"; };
		0F62937E2434D64800690905 /* Info.plist */ = {isa = PBXFileReference; lastKnownFileType = text.plist.xml; path = Info.plist; sourceTree = "<group>"; };
		0F6293832434D64800690905 /* PickerView and KeyboardTests.xctest */ = {isa = PBXFileReference; explicitFileType = wrapper.cfbundle; includeInIndex = 0; path = "PickerView and KeyboardTests.xctest"; sourceTree = BUILT_PRODUCTS_DIR; };
		0F6293872434D64800690905 /* PickerView_and_KeyboardTests.swift */ = {isa = PBXFileReference; lastKnownFileType = sourcecode.swift; path = PickerView_and_KeyboardTests.swift; sourceTree = "<group>"; };
		0F6293892434D64800690905 /* Info.plist */ = {isa = PBXFileReference; lastKnownFileType = text.plist.xml; path = Info.plist; sourceTree = "<group>"; };
		0F62938E2434D64900690905 /* PickerView and KeyboardUITests.xctest */ = {isa = PBXFileReference; explicitFileType = wrapper.cfbundle; includeInIndex = 0; path = "PickerView and KeyboardUITests.xctest"; sourceTree = BUILT_PRODUCTS_DIR; };
		0F6293922434D64900690905 /* PickerView_and_KeyboardUITests.swift */ = {isa = PBXFileReference; lastKnownFileType = sourcecode.swift; path = PickerView_and_KeyboardUITests.swift; sourceTree = "<group>"; };
		0F6293942434D64900690905 /* Info.plist */ = {isa = PBXFileReference; lastKnownFileType = text.plist.xml; path = Info.plist; sourceTree = "<group>"; };
/* End PBXFileReference section */

/* Begin PBXFrameworksBuildPhase section */
		0F62936A2434D64700690905 /* Frameworks */ = {
			isa = PBXFrameworksBuildPhase;
			buildActionMask = 2147483647;
			files = (
			);
			runOnlyForDeploymentPostprocessing = 0;
		};
		0F6293802434D64800690905 /* Frameworks */ = {
			isa = PBXFrameworksBuildPhase;
			buildActionMask = 2147483647;
			files = (
			);
			runOnlyForDeploymentPostprocessing = 0;
		};
		0F62938B2434D64900690905 /* Frameworks */ = {
			isa = PBXFrameworksBuildPhase;
			buildActionMask = 2147483647;
			files = (
			);
			runOnlyForDeploymentPostprocessing = 0;
		};
/* End PBXFrameworksBuildPhase section */

/* Begin PBXGroup section */
		0F6293642434D64700690905 = {
			isa = PBXGroup;
			children = (
				0F62936F2434D64700690905 /* PickerView and Keyboard */,
				0F6293862434D64800690905 /* PickerView and KeyboardTests */,
				0F6293912434D64900690905 /* PickerView and KeyboardUITests */,
				0F62936E2434D64700690905 /* Products */,
			);
			sourceTree = "<group>";
		};
		0F62936E2434D64700690905 /* Products */ = {
			isa = PBXGroup;
			children = (
				0F62936D2434D64700690905 /* PickerView and Keyboard.app */,
				0F6293832434D64800690905 /* PickerView and KeyboardTests.xctest */,
				0F62938E2434D64900690905 /* PickerView and KeyboardUITests.xctest */,
			);
			name = Products;
			sourceTree = "<group>";
		};
		0F62936F2434D64700690905 /* PickerView and Keyboard */ = {
			isa = PBXGroup;
			children = (
				0F6293702434D64700690905 /* AppDelegate.swift */,
				0F6293722434D64700690905 /* SceneDelegate.swift */,
				0F6293742434D64700690905 /* ViewController.swift */,
				0F6293762434D64700690905 /* Main.storyboard */,
				0F6293792434D64800690905 /* Assets.xcassets */,
				0F62937B2434D64800690905 /* LaunchScreen.storyboard */,
				0F62937E2434D64800690905 /* Info.plist */,
			);
			path = "PickerView and Keyboard";
			sourceTree = "<group>";
		};
		0F6293862434D64800690905 /* PickerView and KeyboardTests */ = {
			isa = PBXGroup;
			children = (
				0F6293872434D64800690905 /* PickerView_and_KeyboardTests.swift */,
				0F6293892434D64800690905 /* Info.plist */,
			);
			path = "PickerView and KeyboardTests";
			sourceTree = "<group>";
		};
		0F6293912434D64900690905 /* PickerView and KeyboardUITests */ = {
			isa = PBXGroup;
			children = (
				0F6293922434D64900690905 /* PickerView_and_KeyboardUITests.swift */,
				0F6293942434D64900690905 /* Info.plist */,
			);
			path = "PickerView and KeyboardUITests";
			sourceTree = "<group>";
		};
/* End PBXGroup section */

/* Begin PBXNativeTarget section */
		0F62936C2434D64700690905 /* PickerView and Keyboard */ = {
			isa = PBXNativeTarget;
			buildConfigurationList = 0F6293972434D64900690905 /* Build configuration list for PBXNativeTarget "PickerView and Keyboard" */;
			buildPhases = (
				0F6293692434D64700690905 /* Sources */,
				0F62936A2434D64700690905 /* Frameworks */,
				0F62936B2434D64700690905 /* Resources */,
			);
			buildRules = (
			);
			dependencies = (
			);
			name = "PickerView and Keyboard";
			productName = "PickerView and Keyboard";
			productReference = 0F62936D2434D64700690905 /* PickerView and Keyboard.app */;
			productType = "com.apple.product-type.application";
		};
		0F6293822434D64800690905 /* PickerView and KeyboardTests */ = {
			isa = PBXNativeTarget;
			buildConfigurationList = 0F62939A2434D64900690905 /* Build configuration list for PBXNativeTarget "PickerView and KeyboardTests" */;
			buildPhases = (
				0F62937F2434D64800690905 /* Sources */,
				0F6293802434D64800690905 /* Frameworks */,
				0F6293812434D64800690905 /* Resources */,
			);
			buildRules = (
			);
			dependencies = (
				0F6293852434D64800690905 /* PBXTargetDependency */,
			);
			name = "PickerView and KeyboardTests";
			productName = "PickerView and KeyboardTests";
			productReference = 0F6293832434D64800690905 /* PickerView and KeyboardTests.xctest */;
			productType = "com.apple.product-type.bundle.unit-test";
		};
		0F62938D2434D64900690905 /* PickerView and KeyboardUITests */ = {
			isa = PBXNativeTarget;
			buildConfigurationList = 0F62939D2434D64900690905 /* Build configuration list for PBXNativeTarget "PickerView and KeyboardUITests" */;
			buildPhases = (
				0F62938A2434D64900690905 /* Sources */,
				0F62938B2434D64900690905 /* Frameworks */,
				0F62938C2434D64900690905 /* Resources */,
			);
			buildRules = (
			);
			dependencies = (
				0F6293902434D64900690905 /* PBXTargetDependency */,
			);
			name = "PickerView and KeyboardUITests";
			productName = "PickerView and KeyboardUITests";
			productReference = 0F62938E2434D64900690905 /* PickerView and KeyboardUITests.xctest */;
			productType = "com.apple.product-type.bundle.ui-testing";
		};
/* End PBXNativeTarget section */

/* Begin PBXProject section */
		0F6293652434D64700690905 /* Project object */ = {
			isa = PBXProject;
			attributes = {
				LastSwiftUpdateCheck = 1130;
				LastUpgradeCheck = 1130;
				ORGANIZATIONNAME = "Omar Nasser";
				TargetAttributes = {
					0F62936C2434D64700690905 = {
						CreatedOnToolsVersion = 11.3.1;
					};
					0F6293822434D64800690905 = {
						CreatedOnToolsVersion = 11.3.1;
						TestTargetID = 0F62936C2434D64700690905;
					};
					0F62938D2434D64900690905 = {
						CreatedOnToolsVersion = 11.3.1;
						TestTargetID = 0F62936C2434D64700690905;
					};
				};
			};
			buildConfigurationList = 0F6293682434D64700690905 /* Build configuration list for PBXProject "PickerView and Keyboard" */;
			compatibilityVersion = "Xcode 9.3";
			developmentRegion = en;
			hasScannedForEncodings = 0;
			knownRegions = (
				en,
				Base,
			);
			mainGroup = 0F6293642434D64700690905;
			productRefGroup = 0F62936E2434D64700690905 /* Products */;
			projectDirPath = "";
			projectRoot = "";
			targets = (
				0F62936C2434D64700690905 /* PickerView and Keyboard */,
				0F6293822434D64800690905 /* PickerView and KeyboardTests */,
				0F62938D2434D64900690905 /* PickerView and KeyboardUITests */,
			);
		};
/* End PBXProject section */

/* Begin PBXResourcesBuildPhase section */
		0F62936B2434D64700690905 /* Resources */ = {
			isa = PBXResourcesBuildPhase;
			buildActionMask = 2147483647;
			files = (
				0F62937D2434D64800690905 /* LaunchScreen.storyboard in Resources */,
				0F62937A2434D64800690905 /* Assets.xcassets in Resources */,
				0F6293782434D64700690905 /* Main.storyboard in Resources */,
			);
			runOnlyForDeploymentPostprocessing = 0;
		};
		0F6293812434D64800690905 /* Resources */ = {
			isa = PBXResourcesBuildPhase;
			buildActionMask = 2147483647;
			files = (
			);
			runOnlyForDeploymentPostprocessing = 0;
		};
		0F62938C2434D64900690905 /* Resources */ = {
			isa = PBXResourcesBuildPhase;
			buildActionMask = 2147483647;
			files = (
			);
			runOnlyForDeploymentPostprocessing = 0;
		};
/* End PBXResourcesBuildPhase section */

/* Begin PBXSourcesBuildPhase section */
		0F6293692434D64700690905 /* Sources */ = {
			isa = PBXSourcesBuildPhase;
			buildActionMask = 2147483647;
			files = (
				0F6293752434D64700690905 /* ViewController.swift in Sources */,
				0F6293712434D64700690905 /* AppDelegate.swift in Sources */,
				0F6293732434D64700690905 /* SceneDelegate.swift in Sources */,
			);
			runOnlyForDeploymentPostprocessing = 0;
		};
		0F62937F2434D64800690905 /* Sources */ = {
			isa = PBXSourcesBuildPhase;
			buildActionMask = 2147483647;
			files = (
				0F6293882434D64800690905 /* PickerView_and_KeyboardTests.swift in Sources */,
			);
			runOnlyForDeploymentPostprocessing = 0;
		};
		0F62938A2434D64900690905 /* Sources */ = {
			isa = PBXSourcesBuildPhase;
			buildActionMask = 2147483647;
			files = (
				0F6293932434D64900690905 /* PickerView_and_KeyboardUITests.swift in Sources */,
			);
			runOnlyForDeploymentPostprocessing = 0;
		};
/* End PBXSourcesBuildPhase section */

/* Begin PBXTargetDependency section */
		0F6293852434D64800690905 /* PBXTargetDependency */ = {
			isa = PBXTargetDependency;
			target = 0F62936C2434D64700690905 /* PickerView and Keyboard */;
			targetProxy = 0F6293842434D64800690905 /* PBXContainerItemProxy */;
		};
		0F6293902434D64900690905 /* PBXTargetDependency */ = {
			isa = PBXTargetDependency;
			target = 0F62936C2434D64700690905 /* PickerView and Keyboard */;
			targetProxy = 0F62938F2434D64900690905 /* PBXContainerItemProxy */;
		};
/* End PBXTargetDependency section */

/* Begin PBXVariantGroup section */
		0F6293762434D64700690905 /* Main.storyboard */ = {
			isa = PBXVariantGroup;
			children = (
				0F6293772434D64700690905 /* Base */,
			);
			name = Main.storyboard;
			sourceTree = "<group>";
		};
		0F62937B2434D64800690905 /* LaunchScreen.storyboard */ = {
			isa = PBXVariantGroup;
			children = (
				0F62937C2434D64800690905 /* Base */,
			);
			name = LaunchScreen.storyboard;
			sourceTree = "<group>";
		};
/* End PBXVariantGroup section */

/* Begin XCBuildConfiguration section */
		0F6293952434D64900690905 /* Debug */ = {
			isa = XCBuildConfiguration;
			buildSettings = {
				ALWAYS_SEARCH_USER_PATHS = NO;
				CLANG_ANALYZER_NONNULL = YES;
				CLANG_ANALYZER_NUMBER_OBJECT_CONVERSION = YES_AGGRESSIVE;
				CLANG_CXX_LANGUAGE_STANDARD = "gnu++14";
				CLANG_CXX_LIBRARY = "libc++";
				CLANG_ENABLE_MODULES = YES;
				CLANG_ENABLE_OBJC_ARC = YES;
				CLANG_ENABLE_OBJC_WEAK = YES;
				CLANG_WARN_BLOCK_CAPTURE_AUTORELEASING = YES;
				CLANG_WARN_BOOL_CONVERSION = YES;
				CLANG_WARN_COMMA = YES;
				CLANG_WARN_CONSTANT_CONVERSION = YES;
				CLANG_WARN_DEPRECATED_OBJC_IMPLEMENTATIONS = YES;
				CLANG_WARN_DIRECT_OBJC_ISA_USAGE = YES_ERROR;
				CLANG_WARN_DOCUMENTATION_COMMENTS = YES;
				CLANG_WARN_EMPTY_BODY = YES;
				CLANG_WARN_ENUM_CONVERSION = YES;
				CLANG_WARN_INFINITE_RECURSION = YES;
				CLANG_WARN_INT_CONVERSION = YES;
				CLANG_WARN_NON_LITERAL_NULL_CONVERSION = YES;
				CLANG_WARN_OBJC_IMPLICIT_RETAIN_SELF = YES;
				CLANG_WARN_OBJC_LITERAL_CONVERSION = YES;
				CLANG_WARN_OBJC_ROOT_CLASS = YES_ERROR;
				CLANG_WARN_RANGE_LOOP_ANALYSIS = YES;
				CLANG_WARN_STRICT_PROTOTYPES = YES;
				CLANG_WARN_SUSPICIOUS_MOVE = YES;
				CLANG_WARN_UNGUARDED_AVAILABILITY = YES_AGGRESSIVE;
				CLANG_WARN_UNREACHABLE_CODE = YES;
				CLANG_WARN__DUPLICATE_METHOD_MATCH = YES;
				COPY_PHASE_STRIP = NO;
				DEBUG_INFORMATION_FORMAT = dwarf;
				ENABLE_STRICT_OBJC_MSGSEND = YES;
				ENABLE_TESTABILITY = YES;
				GCC_C_LANGUAGE_STANDARD = gnu11;
				GCC_DYNAMIC_NO_PIC = NO;
				GCC_NO_COMMON_BLOCKS = YES;
				GCC_OPTIMIZATION_LEVEL = 0;
				GCC_PREPROCESSOR_DEFINITIONS = (
					"DEBUG=1",
					"$(inherited)",
				);
				GCC_WARN_64_TO_32_BIT_CONVERSION = YES;
				GCC_WARN_ABOUT_RETURN_TYPE = YES_ERROR;
				GCC_WARN_UNDECLARED_SELECTOR = YES;
				GCC_WARN_UNINITIALIZED_AUTOS = YES_AGGRESSIVE;
				GCC_WARN_UNUSED_FUNCTION = YES;
				GCC_WARN_UNUSED_VARIABLE = YES;
				IPHONEOS_DEPLOYMENT_TARGET = 13.2;
				MTL_ENABLE_DEBUG_INFO = INCLUDE_SOURCE;
				MTL_FAST_MATH = YES;
				ONLY_ACTIVE_ARCH = YES;
				SDKROOT = iphoneos;
				SWIFT_ACTIVE_COMPILATION_CONDITIONS = DEBUG;
				SWIFT_OPTIMIZATION_LEVEL = "-Onone";
			};
			name = Debug;
		};
		0F6293962434D64900690905 /* Release */ = {
			isa = XCBuildConfiguration;
			buildSettings = {
				ALWAYS_SEARCH_USER_PATHS = NO;
				CLANG_ANALYZER_NONNULL = YES;
				CLANG_ANALYZER_NUMBER_OBJECT_CONVERSION = YES_AGGRESSIVE;
				CLANG_CXX_LANGUAGE_STANDARD = "gnu++14";
				CLANG_CXX_LIBRARY = "libc++";
				CLANG_ENABLE_MODULES = YES;
				CLANG_ENABLE_OBJC_ARC = YES;
				CLANG_ENABLE_OBJC_WEAK = YES;
				CLANG_WARN_BLOCK_CAPTURE_AUTORELEASING = YES;
				CLANG_WARN_BOOL_CONVERSION = YES;
				CLANG_WARN_COMMA = YES;
				CLANG_WARN_CONSTANT_CONVERSION = YES;
				CLANG_WARN_DEPRECATED_OBJC_IMPLEMENTATIONS = YES;
				CLANG_WARN_DIRECT_OBJC_ISA_USAGE = YES_ERROR;
				CLANG_WARN_DOCUMENTATION_COMMENTS = YES;
				CLANG_WARN_EMPTY_BODY = YES;
				CLANG_WARN_ENUM_CONVERSION = YES;
				CLANG_WARN_INFINITE_RECURSION = YES;
				CLANG_WARN_INT_CONVERSION = YES;
				CLANG_WARN_NON_LITERAL_NULL_CONVERSION = YES;
				CLANG_WARN_OBJC_IMPLICIT_RETAIN_SELF = YES;
				CLANG_WARN_OBJC_LITERAL_CONVERSION = YES;
				CLANG_WARN_OBJC_ROOT_CLASS = YES_ERROR;
				CLANG_WARN_RANGE_LOOP_ANALYSIS = YES;
				CLANG_WARN_STRICT_PROTOTYPES = YES;
				CLANG_WARN_SUSPICIOUS_MOVE = YES;
				CLANG_WARN_UNGUARDED_AVAILABILITY = YES_AGGRESSIVE;
				CLANG_WARN_UNREACHABLE_CODE = YES;
				CLANG_WARN__DUPLICATE_METHOD_MATCH = YES;
				COPY_PHASE_STRIP = NO;
				DEBUG_INFORMATION_FORMAT = "dwarf-with-dsym";
				ENABLE_NS_ASSERTIONS = NO;
				ENABLE_STRICT_OBJC_MSGSEND = YES;
				GCC_C_LANGUAGE_STANDARD = gnu11;
				GCC_NO_COMMON_BLOCKS = YES;
				GCC_WARN_64_TO_32_BIT_CONVERSION = YES;
				GCC_WARN_ABOUT_RETURN_TYPE = YES_ERROR;
				GCC_WARN_UNDECLARED_SELECTOR = YES;
				GCC_WARN_UNINITIALIZED_AUTOS = YES_AGGRESSIVE;
				GCC_WARN_UNUSED_FUNCTION = YES;
				GCC_WARN_UNUSED_VARIABLE = YES;
				IPHONEOS_DEPLOYMENT_TARGET = 13.2;
				MTL_ENABLE_DEBUG_INFO = NO;
				MTL_FAST_MATH = YES;
				SDKROOT = iphoneos;
				SWIFT_COMPILATION_MODE = wholemodule;
				SWIFT_OPTIMIZATION_LEVEL = "-O";
				VALIDATE_PRODUCT = YES;
			};
			name = Release;
		};
		0F6293982434D64900690905 /* Debug */ = {
			isa = XCBuildConfiguration;
			buildSettings = {
				ASSETCATALOG_COMPILER_APPICON_NAME = AppIcon;
				CODE_SIGN_STYLE = Automatic;
				DEVELOPMENT_TEAM = 5H36U33857;
				INFOPLIST_FILE = "PickerView and Keyboard/Info.plist";
				LD_RUNPATH_SEARCH_PATHS = (
					"$(inherited)",
					"@executable_path/Frameworks",
				);
				PRODUCT_BUNDLE_IDENTIFIER = "com.newppqsswhrkjnujse3232345djcdsjsa.PickerView-and-Keyboard";
				PRODUCT_NAME = "$(TARGET_NAME)";
				SWIFT_VERSION = 5.0;
				TARGETED_DEVICE_FAMILY = "1,2";
			};
			name = Debug;
		};
		0F6293992434D64900690905 /* Release */ = {
			isa = XCBuildConfiguration;
			buildSettings = {
				ASSETCATALOG_COMPILER_APPICON_NAME = AppIcon;
				CODE_SIGN_STYLE = Automatic;
				DEVELOPMENT_TEAM = 5H36U33857;
				INFOPLIST_FILE = "PickerView and Keyboard/Info.plist";
				LD_RUNPATH_SEARCH_PATHS = (
					"$(inherited)",
					"@executable_path/Frameworks",
				);
				PRODUCT_BUNDLE_IDENTIFIER = "com.newppqsswhrkjnujse3232345djcdsjsa.PickerView-and-Keyboard";
				PRODUCT_NAME = "$(TARGET_NAME)";
				SWIFT_VERSION = 5.0;
				TARGETED_DEVICE_FAMILY = "1,2";
			};
			name = Release;
		};
		0F62939B2434D64900690905 /* Debug */ = {
			isa = XCBuildConfiguration;
			buildSettings = {
				ALWAYS_EMBED_SWIFT_STANDARD_LIBRARIES = YES;
				BUNDLE_LOADER = "$(TEST_HOST)";
				CODE_SIGN_STYLE = Automatic;
				DEVELOPMENT_TEAM = 5H36U33857;
				INFOPLIST_FILE = "PickerView and KeyboardTests/Info.plist";
				IPHONEOS_DEPLOYMENT_TARGET = 13.2;
				LD_RUNPATH_SEARCH_PATHS = (
					"$(inherited)",
					"@executable_path/Frameworks",
					"@loader_path/Frameworks",
				);
				PRODUCT_BUNDLE_IDENTIFIER = "com.newppqsswhrkjnujse3232345djcdsjsa.PickerView-and-KeyboardTests";
				PRODUCT_NAME = "$(TARGET_NAME)";
				SWIFT_VERSION = 5.0;
				TARGETED_DEVICE_FAMILY = "1,2";
				TEST_HOST = "$(BUILT_PRODUCTS_DIR)/PickerView and Keyboard.app/PickerView and Keyboard";
			};
			name = Debug;
		};
		0F62939C2434D64900690905 /* Release */ = {
			isa = XCBuildConfiguration;
			buildSettings = {
				ALWAYS_EMBED_SWIFT_STANDARD_LIBRARIES = YES;
				BUNDLE_LOADER = "$(TEST_HOST)";
				CODE_SIGN_STYLE = Automatic;
				DEVELOPMENT_TEAM = 5H36U33857;
				INFOPLIST_FILE = "PickerView and KeyboardTests/Info.plist";
				IPHONEOS_DEPLOYMENT_TARGET = 13.2;
				LD_RUNPATH_SEARCH_PATHS = (
					"$(inherited)",
					"@executable_path/Frameworks",
					"@loader_path/Frameworks",
				);
				PRODUCT_BUNDLE_IDENTIFIER = "com.newppqsswhrkjnujse3232345djcdsjsa.PickerView-and-KeyboardTests";
				PRODUCT_NAME = "$(TARGET_NAME)";
				SWIFT_VERSION = 5.0;
				TARGETED_DEVICE_FAMILY = "1,2";
				TEST_HOST = "$(BUILT_PRODUCTS_DIR)/PickerView and Keyboard.app/PickerView and Keyboard";
			};
			name = Release;
		};
		0F62939E2434D64900690905 /* Debug */ = {
			isa = XCBuildConfiguration;
			buildSettings = {
				ALWAYS_EMBED_SWIFT_STANDARD_LIBRARIES = YES;
				CODE_SIGN_STYLE = Automatic;
				DEVELOPMENT_TEAM = 5H36U33857;
				INFOPLIST_FILE = "PickerView and KeyboardUITests/Info.plist";
				LD_RUNPATH_SEARCH_PATHS = (
					"$(inherited)",
					"@executable_path/Frameworks",
					"@loader_path/Frameworks",
				);
				PRODUCT_BUNDLE_IDENTIFIER = "com.newppqsswhrkjnujse3232345djcdsjsa.PickerView-and-KeyboardUITests";
				PRODUCT_NAME = "$(TARGET_NAME)";
				SWIFT_VERSION = 5.0;
				TARGETED_DEVICE_FAMILY = "1,2";
				TEST_TARGET_NAME = "PickerView and Keyboard";
			};
			name = Debug;
		};
		0F62939F2434D64900690905 /* Release */ = {
			isa = XCBuildConfiguration;
			buildSettings = {
				ALWAYS_EMBED_SWIFT_STANDARD_LIBRARIES = YES;
				CODE_SIGN_STYLE = Automatic;
				DEVELOPMENT_TEAM = 5H36U33857;
				INFOPLIST_FILE = "PickerView and KeyboardUITests/Info.plist";
				LD_RUNPATH_SEARCH_PATHS = (
					"$(inherited)",
					"@executable_path/Frameworks",
					"@loader_path/Frameworks",
				);
				PRODUCT_BUNDLE_IDENTIFIER = "com.newppqsswhrkjnujse3232345djcdsjsa.PickerView-and-KeyboardUITests";
				PRODUCT_NAME = "$(TARGET_NAME)";
				SWIFT_VERSION = 5.0;
				TARGETED_DEVICE_FAMILY = "1,2";
				TEST_TARGET_NAME = "PickerView and Keyboard";
			};
			name = Release;
		};
/* End XCBuildConfiguration section */

/* Begin XCConfigurationList section */
		0F6293682434D64700690905 /* Build configuration list for PBXProject "PickerView and Keyboard" */ = {
			isa = XCConfigurationList;
			buildConfigurations = (
				0F6293952434D64900690905 /* Debug */,
				0F6293962434D64900690905 /* Release */,
			);
			defaultConfigurationIsVisible = 0;
			defaultConfigurationName = Release;
		};
		0F6293972434D64900690905 /* Build configuration list for PBXNativeTarget "PickerView and Keyboard" */ = {
			isa = XCConfigurationList;
			buildConfigurations = (
				0F6293982434D64900690905 /* Debug */,
				0F6293992434D64900690905 /* Release */,
			);
			defaultConfigurationIsVisible = 0;
			defaultConfigurationName = Release;
		};
		0F62939A2434D64900690905 /* Build configuration list for PBXNativeTarget "PickerView and KeyboardTests" */ = {
			isa = XCConfigurationList;
			buildConfigurations = (
				0F62939B2434D64900690905 /* Debug */,
				0F62939C2434D64900690905 /* Release */,
			);
			defaultConfigurationIsVisible = 0;
			defaultConfigurationName = Release;
		};
		0F62939D2434D64900690905 /* Build configuration list for PBXNativeTarget "PickerView and KeyboardUITests" */ = {
			isa = XCConfigurationList;
			buildConfigurations = (
				0F62939E2434D64900690905 /* Debug */,
				0F62939F2434D64900690905 /* Release */,
			);
			defaultConfigurationIsVisible = 0;
			defaultConfigurationName = Release;
		};
/* End XCConfigurationList section */
	};
	rootObject = 0F6293652434D64700690905 /* Project object */;
}
